
Microsoft Visual Studio Solution File, Format Version 12.00
# Visual Studio Version 16
VisualStudioVersion = 16.0.31702.278
MinimumVisualStudioVersion = 10.0.40219.1
Project("{FAE04EC0-301F-11D3-BF4B-00C04F79EFBC}") = "CRUD", "CRUD\CRUD.csproj", "{B6C33CDD-9320-478A-8330-9B91D476802E}"
EndProject
Global
	GlobalSection(SolutionConfigurationPlatforms) = preSolution
		Debug|Any CPU = Debug|Any CPU
		Release|Any CPU = Release|Any CPU
	EndGlobalSection
	GlobalSection(ProjectConfigurationPlatforms) = postSolution
		{B6C33CDD-9320-478A-8330-9B91D476802E}.Debug|Any CPU.ActiveCfg = Debug|Any CPU
		{B6C33CDD-9320-478A-8330-9B91D476802E}.Debug|Any CPU.Build.0 = Debug|Any CPU
		{B6C33CDD-9320-478A-8330-9B91D476802E}.Release|Any CPU.ActiveCfg = Release|Any CPU
		{B6C33CDD-9320-478A-8330-9B91D476802E}.Release|Any CPU.Build.0 = Release|Any CPU
	EndGlobalSection
	GlobalSection(SolutionProperties) = preSolution
		HideSolutionNode = FALSE
	EndGlobalSection
	GlobalSection(ExtensibilityGlobals) = postSolution
		SolutionGuid = {8023DDF2-B893-4082-86BD-3BDBF0A16CA5}
	EndGlobalSection
EndGlobal
